// !$*UTF8*$!
{
	archiveVersion = 1;
	classes = {
	};
	objectVersion = 50;
	objects = {

/* Begin PBXBuildFile section */
		DA63F41723109DA4005CC548 /* AppDelegate.swift in Sources */ = {isa = PBXBuildFile; fileRef = DA63F41623109DA4005CC548 /* AppDelegate.swift */; };
		DA63F41923109DA4005CC548 /* ViewController.swift in Sources */ = {isa = PBXBuildFile; fileRef = DA63F41823109DA4005CC548 /* ViewController.swift */; };
		DA63F41C23109DA4005CC548 /* Main.storyboard in Resources */ = {isa = PBXBuildFile; fileRef = DA63F41A23109DA4005CC548 /* Main.storyboard */; };
		DA63F41E23109DA6005CC548 /* Assets.xcassets in Resources */ = {isa = PBXBuildFile; fileRef = DA63F41D23109DA6005CC548 /* Assets.xcassets */; };
		DA63F42123109DA6005CC548 /* LaunchScreen.storyboard in Resources */ = {isa = PBXBuildFile; fileRef = DA63F41F23109DA6005CC548 /* LaunchScreen.storyboard */; };
		DA63F4292310A4D5005CC548 /* principal_skinner_3.jpg in Resources */ = {isa = PBXBuildFile; fileRef = DA63F4282310A4D5005CC548 /* principal_skinner_3.jpg */; };
/* End PBXBuildFile section */

/* Begin PBXFileReference section */
		DA63F41323109DA4005CC548 /* SwiftImageAPI.app */ = {isa = PBXFileReference; explicitFileType = wrapper.application; includeInIndex = 0; path = SwiftImageAPI.app; sourceTree = BUILT_PRODUCTS_DIR; };
		DA63F41623109DA4005CC548 /* AppDelegate.swift */ = {isa = PBXFileReference; lastKnownFileType = sourcecode.swift; path = AppDelegate.swift; sourceTree = "<group>"; };
		DA63F41823109DA4005CC548 /* ViewController.swift */ = {isa = PBXFileReference; lastKnownFileType = sourcecode.swift; path = ViewController.swift; sourceTree = "<group>"; };
		DA63F41B23109DA4005CC548 /* Base */ = {isa = PBXFileReference; lastKnownFileType = file.storyboard; name = Base; path = Base.lproj/Main.storyboard; sourceTree = "<group>"; };
		DA63F41D23109DA6005CC548 /* Assets.xcassets */ = {isa = PBXFileReference; lastKnownFileType = folder.assetcatalog; path = Assets.xcassets; sourceTree = "<group>"; };
		DA63F42023109DA6005CC548 /* Base */ = {isa = PBXFileReference; lastKnownFileType = file.storyboard; name = Base; path = Base.lproj/LaunchScreen.storyboard; sourceTree = "<group>"; };
		DA63F42223109DA6005CC548 /* Info.plist */ = {isa = PBXFileReference; lastKnownFileType = text.plist.xml; path = Info.plist; sourceTree = "<group>"; };
		DA63F4282310A4D5005CC548 /* principal_skinner_3.jpg */ = {isa = PBXFileReference; lastKnownFileType = image.jpeg; path = principal_skinner_3.jpg; sourceTree = "<group>"; };
/* End PBXFileReference section */

/* Begin PBXFrameworksBuildPhase section */
		DA63F41023109DA4005CC548 /* Frameworks */ = {
			isa = PBXFrameworksBuildPhase;
			buildActionMask = 2147483647;
			files = (
			);
			runOnlyForDeploymentPostprocessing = 0;
		};
/* End PBXFrameworksBuildPhase section */

/* Begin PBXGroup section */
		DA63F40A23109DA4005CC548 = {
			isa = PBXGroup;
			children = (
				DA63F41523109DA4005CC548 /* SwiftImageAPI */,
				DA63F41423109DA4005CC548 /* Products */,
			);
			sourceTree = "<group>";
		};
		DA63F41423109DA4005CC548 /* Products */ = {
			isa = PBXGroup;
			children = (
				DA63F41323109DA4005CC548 /* SwiftImageAPI.app */,
			);
			name = Products;
			sourceTree = "<group>";
		};
		DA63F41523109DA4005CC548 /* SwiftImageAPI */ = {
			isa = PBXGroup;
			children = (
				DA63F41623109DA4005CC548 /* AppDelegate.swift */,
				DA63F41823109DA4005CC548 /* ViewController.swift */,
				DA63F41A23109DA4005CC548 /* Main.storyboard */,
				DA63F4282310A4D5005CC548 /* principal_skinner_3.jpg */,
				DA63F41D23109DA6005CC548 /* Assets.xcassets */,
				DA63F41F23109DA6005CC548 /* LaunchScreen.storyboard */,
				DA63F42223109DA6005CC548 /* Info.plist */,
			);
			path = SwiftImageAPI;
			sourceTree = "<group>";
		};
/* End PBXGroup section */

/* Begin PBXNativeTarget section */
		DA63F41223109DA4005CC548 /* SwiftImageAPI */ = {
			isa = PBXNativeTarget;
			buildConfigurationList = DA63F42523109DA6005CC548 /* Build configuration list for PBXNativeTarget "SwiftImageAPI" */;
			buildPhases = (
				DA63F40F23109DA4005CC548 /* Sources */,
				DA63F41023109DA4005CC548 /* Frameworks */,
				DA63F41123109DA4005CC548 /* Resources */,
			);
			buildRules = (
			);
			dependencies = (
			);
			name = SwiftImageAPI;
			productName = SwiftImageAPI;
			productReference = DA63F41323109DA4005CC548 /* SwiftImageAPI.app */;
			productType = "com.apple.product-type.application";
		};
/* End PBXNativeTarget section */

/* Begin PBXProject section */
		DA63F40B23109DA4005CC548 /* Project object */ = {
			isa = PBXProject;
			attributes = {
				LastSwiftUpdateCheck = 1030;
				LastUpgradeCheck = 1030;
				ORGANIZATIONNAME = "David Rossouw";
				TargetAttributes = {
					DA63F41223109DA4005CC548 = {
						CreatedOnToolsVersion = 10.3;
					};
				};
			};
			buildConfigurationList = DA63F40E23109DA4005CC548 /* Build configuration list for PBXProject "SwiftImageAPI" */;
			compatibilityVersion = "Xcode 9.3";
			developmentRegion = en;
			hasScannedForEncodings = 0;
			knownRegions = (
				en,
				Base,
			);
			mainGroup = DA63F40A23109DA4005CC548;
			productRefGroup = DA63F41423109DA4005CC548 /* Products */;
			projectDirPath = "";
			projectRoot = "";
			targets = (
				DA63F41223109DA4005CC548 /* SwiftImageAPI */,
			);
		};
/* End PBXProject section */

/* Begin PBXResourcesBuildPhase section */
		DA63F41123109DA4005CC548 /* Resources */ = {
			isa = PBXResourcesBuildPhase;
			buildActionMask = 2147483647;
			files = (
				DA63F42123109DA6005CC548 /* LaunchScreen.storyboard in Resources */,
				DA63F41E23109DA6005CC548 /* Assets.xcassets in Resources */,
				DA63F41C23109DA4005CC548 /* Main.storyboard in Resources */,
				DA63F4292310A4D5005CC548 /* principal_skinner_3.jpg in Resources */,
			);
			runOnlyForDeploymentPostprocessing = 0;
		};
/* End PBXResourcesBuildPhase section */

/* Begin PBXSourcesBuildPhase section */
		DA63F40F23109DA4005CC548 /* Sources */ = {
			isa = PBXSourcesBuildPhase;
			buildActionMask = 2147483647;
			files = (
				DA63F41923109DA4005CC548 /* ViewController.swift in Sources */,
				DA63F41723109DA4005CC548 /* AppDelegate.swift in Sources */,
			);
			runOnlyForDeploymentPostprocessing = 0;
		};
/* End PBXSourcesBuildPhase section */

/* Begin PBXVariantGroup section */
		DA63F41A23109DA4005CC548 /* Main.storyboard */ = {
			isa = PBXVariantGroup;
			children = (
				DA63F41B23109DA4005CC548 /* Base */,
			);
			name = Main.storyboard;
			sourceTree = "<group>";
		};
		DA63F41F23109DA6005CC548 /* LaunchScreen.storyboard */ = {
			isa = PBXVariantGroup;
			children = (
				DA63F42023109DA6005CC548 /* Base */,
			);
			name = LaunchScreen.storyboard;
			sourceTree = "<group>";
		};
/* End PBXVariantGroup section */

/* Begin XCBuildConfiguration section */
		DA63F42323109DA6005CC548 /* Debug */ = {
			isa = XCBuildConfiguration;
			buildSettings = {
				ALWAYS_SEARCH_USER_PATHS = NO;
				CLANG_ANALYZER_NONNULL = YES;
				CLANG_ANALYZER_NUMBER_OBJECT_CONVERSION = YES_AGGRESSIVE;
				CLANG_CXX_LANGUAGE_STANDARD = "gnu++14";
				CLANG_CXX_LIBRARY = "libc++";
				CLANG_ENABLE_MODULES = YES;
				CLANG_ENABLE_OBJC_ARC = YES;
				CLANG_ENABLE_OBJC_WEAK = YES;
				CLANG_WARN_BLOCK_CAPTURE_AUTORELEASING = YES;
				CLANG_WARN_BOOL_CONVERSION = YES;
				CLANG_WARN_COMMA = YES;
				CLANG_WARN_CONSTANT_CONVERSION = YES;
				CLANG_WARN_DEPRECATED_OBJC_IMPLEMENTATIONS = YES;
				CLANG_WARN_DIRECT_OBJC_ISA_USAGE = YES_ERROR;
				CLANG_WARN_DOCUMENTATION_COMMENTS = YES;
				CLANG_WARN_EMPTY_BODY = YES;
				CLANG_WARN_ENUM_CONVERSION = YES;
				CLANG_WARN_INFINITE_RECURSION = YES;
				CLANG_WARN_INT_CONVERSION = YES;
				CLANG_WARN_NON_LITERAL_NULL_CONVERSION = YES;
				CLANG_WARN_OBJC_IMPLICIT_RETAIN_SELF = YES;
				CLANG_WARN_OBJC_LITERAL_CONVERSION = YES;
				CLANG_WARN_OBJC_ROOT_CLASS = YES_ERROR;
				CLANG_WARN_RANGE_LOOP_ANALYSIS = YES;
				CLANG_WARN_STRICT_PROTOTYPES = YES;
				CLANG_WARN_SUSPICIOUS_MOVE = YES;
				CLANG_WARN_UNGUARDED_AVAILABILITY = YES_AGGRESSIVE;
				CLANG_WARN_UNREACHABLE_CODE = YES;
				CLANG_WARN__DUPLICATE_METHOD_MATCH = YES;
				CODE_SIGN_IDENTITY = "iPhone Developer";
				COPY_PHASE_STRIP = NO;
				DEBUG_INFORMATION_FORMAT = dwarf;
				ENABLE_STRICT_OBJC_MSGSEND = YES;
				ENABLE_TESTABILITY = YES;
				GCC_C_LANGUAGE_STANDARD = gnu11;
				GCC_DYNAMIC_NO_PIC = NO;
				GCC_NO_COMMON_BLOCKS = YES;
				GCC_OPTIMIZATION_LEVEL = 0;
				GCC_PREPROCESSOR_DEFINITIONS = (
					"DEBUG=1",
					"$(inherited)",
				);
				GCC_WARN_64_TO_32_BIT_CONVERSION = YES;
				GCC_WARN_ABOUT_RETURN_TYPE = YES_ERROR;
				GCC_WARN_UNDECLARED_SELECTOR = YES;
				GCC_WARN_UNINITIALIZED_AUTOS = YES_AGGRESSIVE;
				GCC_WARN_UNUSED_FUNCTION = YES;
				GCC_WARN_UNUSED_VARIABLE = YES;
				IPHONEOS_DEPLOYMENT_TARGET = 12.4;
				MTL_ENABLE_DEBUG_INFO = INCLUDE_SOURCE;
				MTL_FAST_MATH = YES;
				ONLY_ACTIVE_ARCH = YES;
				SDKROOT = iphoneos;
				SWIFT_ACTIVE_COMPILATION_CONDITIONS = DEBUG;
				SWIFT_OPTIMIZATION_LEVEL = "-Onone";
			};
			name = Debug;
		};
		DA63F42423109DA6005CC548 /* Release */ = {
			isa = XCBuildConfiguration;
			buildSettings = {
				ALWAYS_SEARCH_USER_PATHS = NO;
				CLANG_ANALYZER_NONNULL = YES;
				CLANG_ANALYZER_NUMBER_OBJECT_CONVERSION = YES_AGGRESSIVE;
				CLANG_CXX_LANGUAGE_STANDARD = "gnu++14";
				CLANG_CXX_LIBRARY = "libc++";
				CLANG_ENABLE_MODULES = YES;
				CLANG_ENABLE_OBJC_ARC = YES;
				CLANG_ENABLE_OBJC_WEAK = YES;
				CLANG_WARN_BLOCK_CAPTURE_AUTORELEASING = YES;
				CLANG_WARN_BOOL_CONVERSION = YES;
				CLANG_WARN_COMMA = YES;
				CLANG_WARN_CONSTANT_CONVERSION = YES;
				CLANG_WARN_DEPRECATED_OBJC_IMPLEMENTATIONS = YES;
				CLANG_WARN_DIRECT_OBJC_ISA_USAGE = YES_ERROR;
				CLANG_WARN_DOCUMENTATION_COMMENTS = YES;
				CLANG_WARN_EMPTY_BODY = YES;
				CLANG_WARN_ENUM_CONVERSION = YES;
				CLANG_WARN_INFINITE_RECURSION = YES;
				CLANG_WARN_INT_CONVERSION = YES;
				CLANG_WARN_NON_LITERAL_NULL_CONVERSION = YES;
				CLANG_WARN_OBJC_IMPLICIT_RETAIN_SELF = YES;
				CLANG_WARN_OBJC_LITERAL_CONVERSION = YES;
				CLANG_WARN_OBJC_ROOT_CLASS = YES_ERROR;
				CLANG_WARN_RANGE_LOOP_ANALYSIS = YES;
				CLANG_WARN_STRICT_PROTOTYPES = YES;
				CLANG_WARN_SUSPICIOUS_MOVE = YES;
				CLANG_WARN_UNGUARDED_AVAILABILITY = YES_AGGRESSIVE;
				CLANG_WARN_UNREACHABLE_CODE = YES;
				CLANG_WARN__DUPLICATE_METHOD_MATCH = YES;
				CODE_SIGN_IDENTITY = "iPhone Developer";
				COPY_PHASE_STRIP = NO;
				DEBUG_INFORMATION_FORMAT = "dwarf-with-dsym";
				ENABLE_NS_ASSERTIONS = NO;
				ENABLE_STRICT_OBJC_MSGSEND = YES;
				GCC_C_LANGUAGE_STANDARD = gnu11;
				GCC_NO_COMMON_BLOCKS = YES;
				GCC_WARN_64_TO_32_BIT_CONVERSION = YES;
				GCC_WARN_ABOUT_RETURN_TYPE = YES_ERROR;
				GCC_WARN_UNDECLARED_SELECTOR = YES;
				GCC_WARN_UNINITIALIZED_AUTOS = YES_AGGRESSIVE;
				GCC_WARN_UNUSED_FUNCTION = YES;
				GCC_WARN_UNUSED_VARIABLE = YES;
				IPHONEOS_DEPLOYMENT_TARGET = 12.4;
				MTL_ENABLE_DEBUG_INFO = NO;
				MTL_FAST_MATH = YES;
				SDKROOT = iphoneos;
				SWIFT_COMPILATION_MODE = wholemodule;
				SWIFT_OPTIMIZATION_LEVEL = "-O";
				VALIDATE_PRODUCT = YES;
			};
			name = Release;
		};
		DA63F42623109DA6005CC548 /* Debug */ = {
			isa = XCBuildConfiguration;
			buildSettings = {
				ASSETCATALOG_COMPILER_APPICON_NAME = AppIcon;
				CODE_SIGN_STYLE = Automatic;
				DEVELOPMENT_TEAM = ZKV64BLF8H;
				INFOPLIST_FILE = SwiftImageAPI/Info.plist;
				LD_RUNPATH_SEARCH_PATHS = (
					"$(inherited)",
					"@executable_path/Frameworks",
				);
				PRODUCT_BUNDLE_IDENTIFIER = com.davidrossouw.SwiftImageAPI;
				PRODUCT_NAME = "$(TARGET_NAME)";
				SWIFT_VERSION = 5.0;
				TARGETED_DEVICE_FAMILY = "1,2";
			};
			name = Debug;
		};
		DA63F42723109DA6005CC548 /* Release */ = {
			isa = XCBuildConfiguration;
			buildSettings = {
				ASSETCATALOG_COMPILER_APPICON_NAME = AppIcon;
				CODE_SIGN_STYLE = Automatic;
				DEVELOPMENT_TEAM = ZKV64BLF8H;
				INFOPLIST_FILE = SwiftImageAPI/Info.plist;
				LD_RUNPATH_SEARCH_PATHS = (
					"$(inherited)",
					"@executable_path/Frameworks",
				);
				PRODUCT_BUNDLE_IDENTIFIER = com.davidrossouw.SwiftImageAPI;
				PRODUCT_NAME = "$(TARGET_NAME)";
				SWIFT_VERSION = 5.0;
				TARGETED_DEVICE_FAMILY = "1,2";
			};
			name = Release;
		};
/* End XCBuildConfiguration section */

/* Begin XCConfigurationList section */
		DA63F40E23109DA4005CC548 /* Build configuration list for PBXProject "SwiftImageAPI" */ = {
			isa = XCConfigurationList;
			buildConfigurations = (
				DA63F42323109DA6005CC548 /* Debug */,
				DA63F42423109DA6005CC548 /* Release */,
			);
			defaultConfigurationIsVisible = 0;
			defaultConfigurationName = Release;
		};
		DA63F42523109DA6005CC548 /* Build configuration list for PBXNativeTarget "SwiftImageAPI" */ = {
			isa = XCConfigurationList;
			buildConfigurations = (
				DA63F42623109DA6005CC548 /* Debug */,
				DA63F42723109DA6005CC548 /* Release */,
			);
			defaultConfigurationIsVisible = 0;
			defaultConfigurationName = Release;
		};
/* End XCConfigurationList section */
	};
	rootObject = DA63F40B23109DA4005CC548 /* Project object */;
}
